<?xml version="1.0" encoding="utf-8"?>
<Project ToolsVersion="4.0" xmlns="http://schemas.microsoft.com/developer/msbuild/2003">
  <ItemGroup>
    <Filter Include="Source Files">
      <UniqueIdentifier>{4FC737F1-C7A5-4376-A066-2A32D752A2FF}</UniqueIdentifier>
      <Extensions>cpp;c;cc;cxx;def;odl;idl;hpj;bat;asm;asmx</Extensions>
    </Filter>
    <Filter Include="Header Files">
      <UniqueIdentifier>{93995380-89BD-4b04-88EB-625FBE52EBFB}</UniqueIdentifier>
      <Extensions>h;hh;hpp;hxx;hm;inl;inc;xsd</Extensions>
    </Filter>
    <Filter Include="Resource Files">
      <UniqueIdentifier>{67DA6AB6-F800-4c08-8B7A-83BB121AAD01}</UniqueIdentifier>
      <Extensions>rc;ico;cur;bmp;dlg;rc2;rct;bin;rgs;gif;jpg;jpeg;jpe;resx;tiff;tif;png;wav;mfcribbon-ms</Extensions>
    </Filter>
    <Filter Include="Header Files\Error Module">
      <UniqueIdentifier>{918d7150-e23b-4b62-a03e-6c59230e5ccc}</UniqueIdentifier>
    </Filter>
    <Filter Include="Header Files\File Module">
      <UniqueIdentifier>{f47b096e-e12a-4dce-b6a5-68d26326f4b8}</UniqueIdentifier>
    </Filter>
    <Filter Include="Source Files\Error Module">
      <UniqueIdentifier>{b58c06c7-e08e-49b3-b198-6a9200af11d3}</UniqueIdentifier>
    </Filter>
    <Filter Include="Source Files\Resource Module">
      <UniqueIdentifier>{782e1e5e-a77d-4267-8907-beff20aae4a5}</UniqueIdentifier>
    </Filter>
    <Filter Include="Source Files\File Module">
      <UniqueIdentifier>{d0c4a712-cd7d-4c1a-b429-3300254dbe2d}</UniqueIdentifier>
    </Filter>
    <Filter Include="Header Files\Config">
      <UniqueIdentifier>{d5a3da4a-1a23-4b7c-8684-98c2de87654d}</UniqueIdentifier>
    </Filter>
    <Filter Include="Header Files\Process Module">
      <UniqueIdentifier>{92e4f896-314e-41a9-a51d-235545de5d1a}</UniqueIdentifier>
    </Filter>
    <Filter Include="Header Files\Entity Module">
      <UniqueIdentifier>{f31e58f7-e523-458a-b243-70b6bc5d832c}</UniqueIdentifier>
    </Filter>
    <Filter Include="Source Files\Entity Module">
      <UniqueIdentifier>{4864b482-6dd8-4b5a-9b94-a17566205e6c}</UniqueIdentifier>
    </Filter>
    <Filter Include="Header Files\Graphics Module">
      <UniqueIdentifier>{f440dc46-9366-433a-8efa-d6c1dcf0352b}</UniqueIdentifier>
    </Filter>
    <Filter Include="Header Files\Window Module">
      <UniqueIdentifier>{1375fc78-107a-4f11-bba2-b4907e309020}</UniqueIdentifier>
    </Filter>
    <Filter Include="Source Files\Window Module">
      <UniqueIdentifier>{770de2c1-98bf-4796-95cf-9f0a270045b7}</UniqueIdentifier>
    </Filter>
    <Filter Include="Header Files\Utility Module">
      <UniqueIdentifier>{968efcca-3fab-4444-b78b-05b3f08e7515}</UniqueIdentifier>
    </Filter>
    <Filter Include="Source Files\Utility Module">
      <UniqueIdentifier>{eb818c4a-2b93-47ad-b119-294ae072d500}</UniqueIdentifier>
    </Filter>
    <Filter Include="Source Files\Graphics Module">
      <UniqueIdentifier>{a4015cdb-84dc-40b1-b315-926a41693e5a}</UniqueIdentifier>
    </Filter>
    <Filter Include="Source Files\User Input Module">
      <UniqueIdentifier>{65a02f63-02ab-4800-a5b8-1b0e48c8706e}</UniqueIdentifier>
    </Filter>
    <Filter Include="Header Files\User Input Module">
      <UniqueIdentifier>{848923a4-88e0-400b-ad71-feeee797c0ec}</UniqueIdentifier>
    </Filter>
    <Filter Include="Source Files\Process Manager">
      <UniqueIdentifier>{9fa29346-8b06-4bb2-8291-4f7878045759}</UniqueIdentifier>
    </Filter>
    <Filter Include="Header Files\Resource Module">
      <UniqueIdentifier>{d5147136-6eec-4b32-98e2-4ad7ccfbdc10}</UniqueIdentifier>
    </Filter>
  </ItemGroup>
  <ItemGroup>
    <ClCompile Include="K_Error.cpp">
      <Filter>Source Files\Error Module</Filter>
    </ClCompile>
    <ClCompile Include="Driver.cpp">
      <Filter>Source Files</Filter>
    </ClCompile>
    <ClCompile Include="K_WinFileHandler.cpp">
      <Filter>Source Files\File Module</Filter>
    </ClCompile>
    <ClCompile Include="K_FileManager.cpp">
      <Filter>Source Files\File Module</Filter>
    </ClCompile>
    <ClCompile Include="K_Entity.cpp">
      <Filter>Source Files\Entity Module</Filter>
    </ClCompile>
    <ClCompile Include="K_EntityManager.cpp">
      <Filter>Source Files\Entity Module</Filter>
    </ClCompile>
    <ClCompile Include="K_EntityTemplateResource.cpp">
      <Filter>Source Files\Resource Module</Filter>
    </ClCompile>
    <ClCompile Include="K_AbstractEntityFactory.cpp">
      <Filter>Source Files\Entity Module</Filter>
    </ClCompile>
    <ClCompile Include="K_TextureResource.cpp">
      <Filter>Source Files\Resource Module</Filter>
    </ClCompile>
    <ClCompile Include="K_ImageDecoder.cpp">
      <Filter>Source Files\Utility Module</Filter>
    </ClCompile>
    <ClCompile Include="K_TextResource.cpp">
      <Filter>Source Files\Resource Module</Filter>
    </ClCompile>
    <ClCompile Include="K_RenderEngine.cpp">
      <Filter>Source Files\Graphics Module</Filter>
    </ClCompile>
    <ClCompile Include="K_WinApiWindow.cpp">
      <Filter>Source Files\Window Module</Filter>
    </ClCompile>
    <ClCompile Include="K_Keys.cpp">
      <Filter>Source Files\User Input Module</Filter>
    </ClCompile>
    <ClCompile Include="K_ShaderResource.cpp">
      <Filter>Source Files\Resource Module</Filter>
    </ClCompile>
    <ClCompile Include="K_MeshResource.cpp">
      <Filter>Source Files\Resource Module</Filter>
    </ClCompile>
    <ClCompile Include="K_VertexBuffer.cpp">
      <Filter>Source Files\Graphics Module</Filter>
    </ClCompile>
    <ClCompile Include="K_ProcessManager.cpp">
      <Filter>Source Files\Process Manager</Filter>
    </ClCompile>
    <ClCompile Include="K_Vector.cpp">
      <Filter>Source Files\Graphics Module</Filter>
    </ClCompile>
    <ClCompile Include="K_ResourceManager.cpp">
      <Filter>Source Files\Resource Module</Filter>
    </ClCompile>
  </ItemGroup>
  <ItemGroup>
    <ClInclude Include="K_Config.hpp">
      <Filter>Header Files\Config</Filter>
    </ClInclude>
    <ClInclude Include="K_Error.hpp">
      <Filter>Header Files\Error Module</Filter>
    </ClInclude>
    <ClInclude Include="K_FileManager.hpp">
      <Filter>Header Files\File Module</Filter>
    </ClInclude>
    <ClInclude Include="K_WinFileHandler.hpp">
      <Filter>Header Files\File Module</Filter>
    </ClInclude>
    <ClInclude Include="K_Entity.hpp">
      <Filter>Header Files\Entity Module</Filter>
    </ClInclude>
    <ClInclude Include="K_EntityManager.hpp">
      <Filter>Header Files\Entity Module</Filter>
    </ClInclude>
    <ClInclude Include="K_EntityComponent.hpp">
      <Filter>Header Files\Entity Module</Filter>
    </ClInclude>
    <ClInclude Include="K_AbstractEntityFactory.hpp">
      <Filter>Header Files\Entity Module</Filter>
    </ClInclude>
    <ClInclude Include="K_RenderEngine.hpp">
      <Filter>Header Files\Graphics Module</Filter>
    </ClInclude>
    <ClInclude Include="K_IWindowManager.hpp">
      <Filter>Header Files\Window Module</Filter>
    </ClInclude>
    <ClInclude Include="K_Vertex.hpp">
      <Filter>Header Files\Graphics Module</Filter>
    </ClInclude>
    <ClInclude Include="K_VertexBuffer.hpp">
      <Filter>Header Files\Graphics Module</Filter>
    </ClInclude>
    <ClInclude Include="K_RenderableComponent.hpp">
      <Filter>Header Files\Entity Module</Filter>
    </ClInclude>
    <ClInclude Include="K_ImageDecoder.hpp">
      <Filter>Header Files\Utility Module</Filter>
    </ClInclude>
    <ClInclude Include="K_WindowConfig.hpp">
      <Filter>Header Files\Window Module</Filter>
    </ClInclude>
    <ClInclude Include="K_WinApiWindow.hpp">
      <Filter>Header Files\Window Module</Filter>
    </ClInclude>
    <ClInclude Include="K_Keys.hpp">
      <Filter>Header Files\User Input Module</Filter>
    </ClInclude>
    <ClInclude Include="K_Window.hpp">
      <Filter>Header Files\Window Module</Filter>
    </ClInclude>
    <ClInclude Include="K_RenderID.hpp">
      <Filter>Header Files\Graphics Module</Filter>
    </ClInclude>
    <ClInclude Include="K_Vector.hpp">
      <Filter>Header Files\Graphics Module</Filter>
    </ClInclude>
    <ClInclude Include="K_Process.hpp">
      <Filter>Header Files\Process Module</Filter>
    </ClInclude>
    <ClInclude Include="K_ProcessManager.hpp">
      <Filter>Header Files\Process Module</Filter>
    </ClInclude>
    <ClInclude Include="K_Logger.hpp">
      <Filter>Header Files\Utility Module</Filter>
    </ClInclude>
    <ClInclude Include="K_Resource.hpp">
      <Filter>Header Files\Resource Module</Filter>
    </ClInclude>
    <ClInclude Include="K_ResourceCache.hpp">
      <Filter>Header Files\Resource Module</Filter>
    </ClInclude>
    <ClInclude Include="K_ResourceHeader.hpp">
      <Filter>Header Files\Resource Module</Filter>
    </ClInclude>
    <ClInclude Include="K_ResourceManager.hpp">
      <Filter>Header Files\Resource Module</Filter>
    </ClInclude>
    <ClInclude Include="K_TextResource.hpp">
      <Filter>Header Files\Resource Module</Filter>
    </ClInclude>
    <ClInclude Include="K_TextureResource.hpp">
      <Filter>Header Files\Resource Module</Filter>
    </ClInclude>
    <ClInclude Include="K_ShaderResource.hpp">
      <Filter>Header Files\Resource Module</Filter>
    </ClInclude>
    <ClInclude Include="K_MeshResource.hpp">
      <Filter>Header Files\Resource Module</Filter>
    </ClInclude>
    <ClInclude Include="K_EntityTemplateResource.hpp">
      <Filter>Header Files\Resource Module</Filter>
    </ClInclude>
    <ClInclude Include="K_FileHandler.hpp">
      <Filter>Header Files\File Module</Filter>
    </ClInclude>
  </ItemGroup>
</Project>